
Microsoft Visual Studio Solution File, Format Version 12.00
# Visual Studio Version 16
VisualStudioVersion = 16.0.31729.503
MinimumVisualStudioVersion = 10.0.40219.1
Project("{FAE04EC0-301F-11D3-BF4B-00C04F79EFBC}") = "ProductTable1", "ProductTable1\ProductTable1.csproj", "{6CF9F332-5DAA-407D-A85D-D952DD760FF1}"
EndProject
Global
	GlobalSection(SolutionConfigurationPlatforms) = preSolution
		Debug|Any CPU = Debug|Any CPU
		Release|Any CPU = Release|Any CPU
	EndGlobalSection
	GlobalSection(ProjectConfigurationPlatforms) = postSolution
		{6CF9F332-5DAA-407D-A85D-D952DD760FF1}.Debug|Any CPU.ActiveCfg = Debug|Any CPU
		{6CF9F332-5DAA-407D-A85D-D952DD760FF1}.Debug|Any CPU.Build.0 = Debug|Any CPU
		{6CF9F332-5DAA-407D-A85D-D952DD760FF1}.Release|Any CPU.ActiveCfg = Release|Any CPU
		{6CF9F332-5DAA-407D-A85D-D952DD760FF1}.Release|Any CPU.Build.0 = Release|Any CPU
	EndGlobalSection
	GlobalSection(SolutionProperties) = preSolution
		HideSolutionNode = FALSE
	EndGlobalSection
	GlobalSection(ExtensibilityGlobals) = postSolution
		SolutionGuid = {92A3D882-DFC3-452D-AB50-F9AB09C25480}
	EndGlobalSection
EndGlobal
